
Microsoft Visual Studio Solution File, Format Version 12.00
# Visual Studio Version 17
VisualStudioVersion = 17.2.32220.68
MinimumVisualStudioVersion = 10.0.40219.1
Project("{9A19103F-16F7-4668-BE54-9A1E7A4F7556}") = "src", "src\src.csproj", "{4E3F11D4-4661-4E71-B19D-6EFA898E14D5}"
EndProject
Project("{9A19103F-16F7-4668-BE54-9A1E7A4F7556}") = "tests", "tests\tests.csproj", "{63E78F91-1824-4E2D-BD73-9A0ED9C7B570}"
EndProject
Project("{9A19103F-16F7-4668-BE54-9A1E7A4F7556}") = "PortToTripleSlash", "PortToTripleSlash\PortToTripleSlash.csproj", "{59FE1032-97B5-48BE-BB5A-A0428916271F}"
EndProject
Global
	GlobalSection(SolutionConfigurationPlatforms) = preSolution
		Debug|Any CPU = Debug|Any CPU
		Release|Any CPU = Release|Any CPU
	EndGlobalSection
	GlobalSection(ProjectConfigurationPlatforms) = postSolution
		{4E3F11D4-4661-4E71-B19D-6EFA898E14D5}.Debug|Any CPU.ActiveCfg = Debug|Any CPU
		{4E3F11D4-4661-4E71-B19D-6EFA898E14D5}.Debug|Any CPU.Build.0 = Debug|Any CPU
		{4E3F11D4-4661-4E71-B19D-6EFA898E14D5}.Release|Any CPU.ActiveCfg = Release|Any CPU
		{4E3F11D4-4661-4E71-B19D-6EFA898E14D5}.Release|Any CPU.Build.0 = Release|Any CPU
		{63E78F91-1824-4E2D-BD73-9A0ED9C7B570}.Debug|Any CPU.ActiveCfg = Debug|Any CPU
		{63E78F91-1824-4E2D-BD73-9A0ED9C7B570}.Debug|Any CPU.Build.0 = Debug|Any CPU
		{63E78F91-1824-4E2D-BD73-9A0ED9C7B570}.Release|Any CPU.ActiveCfg = Release|Any CPU
		{63E78F91-1824-4E2D-BD73-9A0ED9C7B570}.Release|Any CPU.Build.0 = Release|Any CPU
		{59FE1032-97B5-48BE-BB5A-A0428916271F}.Debug|Any CPU.ActiveCfg = Debug|Any CPU
		{59FE1032-97B5-48BE-BB5A-A0428916271F}.Debug|Any CPU.Build.0 = Debug|Any CPU
		{59FE1032-97B5-48BE-BB5A-A0428916271F}.Release|Any CPU.ActiveCfg = Release|Any CPU
		{59FE1032-97B5-48BE-BB5A-A0428916271F}.Release|Any CPU.Build.0 = Release|Any CPU
	EndGlobalSection
	GlobalSection(SolutionProperties) = preSolution
		HideSolutionNode = FALSE
	EndGlobalSection
	GlobalSection(ExtensibilityGlobals) = postSolution
		SolutionGuid = {E1DDEAA8-4441-4EE3-80A7-C791C517C245}
	EndGlobalSection
EndGlobal
