
Microsoft Visual Studio Solution File, Format Version 12.00
# Visual Studio Version 16
VisualStudioVersion = 16.0.29221.178
MinimumVisualStudioVersion = 10.0.40219.1
Project("{9A19103F-16F7-4668-BE54-9A1E7A4F7556}") = "FullXmlDiff", "FullXmlDiff.csproj", "{781DD597-0F3F-4E50-9219-BF2AE8C567F1}"
EndProject
Project("{9A19103F-16F7-4668-BE54-9A1E7A4F7556}") = "Shared", "..\Shared\Shared.csproj", "{76186EA1-03E6-497C-9A22-B59CDCBA902F}"
EndProject
Global
	GlobalSection(SolutionConfigurationPlatforms) = preSolution
		Debug|Any CPU = Debug|Any CPU
		Release|Any CPU = Release|Any CPU
	EndGlobalSection
	GlobalSection(ProjectConfigurationPlatforms) = postSolution
		{781DD597-0F3F-4E50-9219-BF2AE8C567F1}.Debug|Any CPU.ActiveCfg = Debug|Any CPU
		{781DD597-0F3F-4E50-9219-BF2AE8C567F1}.Debug|Any CPU.Build.0 = Debug|Any CPU
		{781DD597-0F3F-4E50-9219-BF2AE8C567F1}.Release|Any CPU.ActiveCfg = Release|Any CPU
		{781DD597-0F3F-4E50-9219-BF2AE8C567F1}.Release|Any CPU.Build.0 = Release|Any CPU
		{76186EA1-03E6-497C-9A22-B59CDCBA902F}.Debug|Any CPU.ActiveCfg = Debug|Any CPU
		{76186EA1-03E6-497C-9A22-B59CDCBA902F}.Debug|Any CPU.Build.0 = Debug|Any CPU
		{76186EA1-03E6-497C-9A22-B59CDCBA902F}.Release|Any CPU.ActiveCfg = Release|Any CPU
		{76186EA1-03E6-497C-9A22-B59CDCBA902F}.Release|Any CPU.Build.0 = Release|Any CPU
	EndGlobalSection
	GlobalSection(SolutionProperties) = preSolution
		HideSolutionNode = FALSE
	EndGlobalSection
	GlobalSection(ExtensibilityGlobals) = postSolution
		SolutionGuid = {C234764C-0A0D-4C7F-8B2F-C3E3A02B252C}
	EndGlobalSection
EndGlobal
